{
  "name": "42.-great_magicians",
  "version": "1.0.0",
  "lockfileVersion": 3,
  "requires": true,
  "packages": {
    "": {
      "name": "42.-great_magicians",
      "version": "1.0.0",
      "license": "ISC",
      "dependencies": {
        "animation": "^0.1.3",
        "chalk": "^5.3.0"
      }
    },
    "node_modules/animation": {
      "version": "0.1.3",
      "resolved": "https://registry.npmjs.org/animation/-/animation-0.1.3.tgz",
      "integrity": "sha512-lDxVxJV6YA0JRvBJovS14KcnZmPmI451gD2a5e4a75rAtAQbNRs6TPpjgonXGOYR9dO7qY4V6ipcW6tu2frHSg==",
      "dependencies": {
        "ms": ">= 0.1.0",
        "request-animation-frame": ">= 0.1.0"
      },
      "engines": {
        "node": ">= 0.4.x"
      }
    },
    "node_modules/chalk": {
      "version": "5.3.0",
      "resolved": "https://registry.npmjs.org/chalk/-/chalk-5.3.0.tgz",
      "integrity": "sha512-dLitG79d+GV1Nb/VYcCDFivJeK1hiukt9QjRNVOsUtTy1rR1YJsmpGGTZ3qJos+uw7WmWF4wUwBd9jxjocFC2w==",
      "engines": {
        "node": "^12.17.0 || ^14.13 || >=16.0.0"
      },
      "funding": {
        "url": "https://github.com/chalk/chalk?sponsor=1"
      }
    },
    "node_modules/ms": {
      "version": "2.1.3",
      "resolved": "https://registry.npmjs.org/ms/-/ms-2.1.3.tgz",
      "integrity": "sha512-6FlzubTLZG3J2a/NVCAleEhjzq5oxgHyaCU9yYXvcLsvoVaHJq/s5xXI6/XXP6tz7R9xAOtHnSO/tXtF3WRTlA=="
    },
    "node_modules/request-animation-frame": {
      "version": "0.1.1",
      "resolved": "https://registry.npmjs.org/request-animation-frame/-/request-animation-frame-0.1.1.tgz",
      "integrity": "sha512-FaRKSMU6wZAeXU6eG25JkRbzFOEBiqZEiVJj6bmepuuz0tr9o6aGld9CZh1iwMRAW47F3GNeHbLrcYmm7/XRYg==",
      "engines": {
        "node": ">= 0.4.x"
      }
    }
  }
}
